{
  "name": "dvader-skills",
  "version": "1.4.1",
  "lockfileVersion": 3,
  "requires": true,
  "packages": {
    "": {
      "name": "dvader-skills",
      "version": "1.4.1",
      "license": "MIT",
      "bin": {
        "dvader": "bin/dvader.js",
        "dvader-skills": "bin/dvader.js"
      },
      "engines": {
        "node": ">=16.17"
      }
    }
  }
}
